<?xml version="1.0" encoding="UTF-8" standalone="yes" ?>
<CodeBlocks_project_file>
   <FileVersion major="1" minor="6" />
   <Project>
      <Option title="gsm_module" />
      <Option makefile_is_custom="1" />
      <Option compiler="gcc" />
      <Option virtualFolders="CMake Files\;" />
      <Build>
      <Target title="all">
         <Option working_dir="/home/anton/Desktop/Projects/AVR/gsm-module" />
         <Option type="4" />
         <MakeCommands>
            <Build command="/usr/bin/gmake -f &quot;/home/anton/Desktop/Projects/AVR/gsm-module/Makefile&quot;  VERBOSE=1 all" />
            <CompileFile command="/usr/bin/gmake -f &quot;/home/anton/Desktop/Projects/AVR/gsm-module/Makefile&quot;  VERBOSE=1 &quot;$file&quot;" />
            <Clean command="/usr/bin/gmake -f &quot;/home/anton/Desktop/Projects/AVR/gsm-module/Makefile&quot;  VERBOSE=1 clean" />
            <DistClean command="/usr/bin/gmake -f &quot;/home/anton/Desktop/Projects/AVR/gsm-module/Makefile&quot;  VERBOSE=1 clean" />
         </MakeCommands>
      </Target>
      <Target title="edit_cache">
         <Option working_dir="/home/anton/Desktop/Projects/AVR/gsm-module" />
         <Option type="4" />
         <MakeCommands>
            <Build command="/usr/bin/gmake -f &quot;/home/anton/Desktop/Projects/AVR/gsm-module/Makefile&quot;  VERBOSE=1 edit_cache" />
            <CompileFile command="/usr/bin/gmake -f &quot;/home/anton/Desktop/Projects/AVR/gsm-module/Makefile&quot;  VERBOSE=1 &quot;$file&quot;" />
            <Clean command="/usr/bin/gmake -f &quot;/home/anton/Desktop/Projects/AVR/gsm-module/Makefile&quot;  VERBOSE=1 clean" />
            <DistClean command="/usr/bin/gmake -f &quot;/home/anton/Desktop/Projects/AVR/gsm-module/Makefile&quot;  VERBOSE=1 clean" />
         </MakeCommands>
      </Target>
      <Target title="rebuild_cache">
         <Option working_dir="/home/anton/Desktop/Projects/AVR/gsm-module" />
         <Option type="4" />
         <MakeCommands>
            <Build command="/usr/bin/gmake -f &quot;/home/anton/Desktop/Projects/AVR/gsm-module/Makefile&quot;  VERBOSE=1 rebuild_cache" />
            <CompileFile command="/usr/bin/gmake -f &quot;/home/anton/Desktop/Projects/AVR/gsm-module/Makefile&quot;  VERBOSE=1 &quot;$file&quot;" />
            <Clean command="/usr/bin/gmake -f &quot;/home/anton/Desktop/Projects/AVR/gsm-module/Makefile&quot;  VERBOSE=1 clean" />
            <DistClean command="/usr/bin/gmake -f &quot;/home/anton/Desktop/Projects/AVR/gsm-module/Makefile&quot;  VERBOSE=1 clean" />
         </MakeCommands>
      </Target>
      <Target title="gsm_module">
         <Option output="/home/anton/Desktop/Projects/AVR/gsm-module/bin/gsm_module" prefix_auto="0" extension_auto="0" />
         <Option working_dir="/home/anton/Desktop/Projects/AVR/gsm-module/bin" />
         <Option object_output="./" />
         <Option type="1" />
         <Option compiler="gcc" />
         <Compiler>
            <Add directory="/usr/avr/sys-root/include" />
            <Add directory="/usr/include" />
            <Add directory="/usr/include/c++/6" />
            <Add directory="/usr/include/c++/6/backward" />
            <Add directory="/usr/include/c++/6/x86_64-suse-linux" />
            <Add directory="/usr/lib64/gcc/x86_64-suse-linux/6/../../../../x86_64-suse-linux/include" />
            <Add directory="/usr/lib64/gcc/x86_64-suse-linux/6/include" />
            <Add directory="/usr/lib64/gcc/x86_64-suse-linux/6/include-fixed" />
            <Add directory="/usr/local/include" />
         </Compiler>
         <MakeCommands>
            <Build command="/usr/bin/gmake -f &quot;/home/anton/Desktop/Projects/AVR/gsm-module/Makefile&quot;  VERBOSE=1 gsm_module" />
            <CompileFile command="/usr/bin/gmake -f &quot;/home/anton/Desktop/Projects/AVR/gsm-module/Makefile&quot;  VERBOSE=1 &quot;$file&quot;" />
            <Clean command="/usr/bin/gmake -f &quot;/home/anton/Desktop/Projects/AVR/gsm-module/Makefile&quot;  VERBOSE=1 clean" />
            <DistClean command="/usr/bin/gmake -f &quot;/home/anton/Desktop/Projects/AVR/gsm-module/Makefile&quot;  VERBOSE=1 clean" />
         </MakeCommands>
      </Target>
      <Target title="gsm_module/fast">
         <Option output="/home/anton/Desktop/Projects/AVR/gsm-module/bin/gsm_module" prefix_auto="0" extension_auto="0" />
         <Option working_dir="/home/anton/Desktop/Projects/AVR/gsm-module/bin" />
         <Option object_output="./" />
         <Option type="1" />
         <Option compiler="gcc" />
         <Compiler>
            <Add directory="/usr/avr/sys-root/include" />
            <Add directory="/usr/include" />
            <Add directory="/usr/include/c++/6" />
            <Add directory="/usr/include/c++/6/backward" />
            <Add directory="/usr/include/c++/6/x86_64-suse-linux" />
            <Add directory="/usr/lib64/gcc/x86_64-suse-linux/6/../../../../x86_64-suse-linux/include" />
            <Add directory="/usr/lib64/gcc/x86_64-suse-linux/6/include" />
            <Add directory="/usr/lib64/gcc/x86_64-suse-linux/6/include-fixed" />
            <Add directory="/usr/local/include" />
         </Compiler>
         <MakeCommands>
            <Build command="/usr/bin/gmake -f &quot;/home/anton/Desktop/Projects/AVR/gsm-module/Makefile&quot;  VERBOSE=1 gsm_module/fast" />
            <CompileFile command="/usr/bin/gmake -f &quot;/home/anton/Desktop/Projects/AVR/gsm-module/Makefile&quot;  VERBOSE=1 &quot;$file&quot;" />
            <Clean command="/usr/bin/gmake -f &quot;/home/anton/Desktop/Projects/AVR/gsm-module/Makefile&quot;  VERBOSE=1 clean" />
            <DistClean command="/usr/bin/gmake -f &quot;/home/anton/Desktop/Projects/AVR/gsm-module/Makefile&quot;  VERBOSE=1 clean" />
         </MakeCommands>
      </Target>
      </Build>
      <Unit filename="/home/anton/Desktop/Projects/AVR/gsm-module/components/modem/control.c">
         <Option target="gsm_module"/>
      </Unit>
      <Unit filename="/home/anton/Desktop/Projects/AVR/gsm-module/components/modem/control.h">
         <Option target="gsm_module"/>
      </Unit>
      <Unit filename="/home/anton/Desktop/Projects/AVR/gsm-module/components/modem/dtmf/dtmf.c">
         <Option target="gsm_module"/>
      </Unit>
      <Unit filename="/home/anton/Desktop/Projects/AVR/gsm-module/components/modem/dtmf/dtmf.h">
         <Option target="gsm_module"/>
      </Unit>
      <Unit filename="/home/anton/Desktop/Projects/AVR/gsm-module/components/modem/sms/sms.c">
         <Option target="gsm_module"/>
      </Unit>
      <Unit filename="/home/anton/Desktop/Projects/AVR/gsm-module/components/modem/sms/sms.h">
         <Option target="gsm_module"/>
      </Unit>
      <Unit filename="/home/anton/Desktop/Projects/AVR/gsm-module/components/system/helperavr.h">
         <Option target="gsm_module"/>
      </Unit>
      <Unit filename="/home/anton/Desktop/Projects/AVR/gsm-module/components/system/initializer.c">
         <Option target="gsm_module"/>
      </Unit>
      <Unit filename="/home/anton/Desktop/Projects/AVR/gsm-module/components/system/initializer.h">
         <Option target="gsm_module"/>
      </Unit>
      <Unit filename="/home/anton/Desktop/Projects/AVR/gsm-module/components/system/mydefs.h">
         <Option target="gsm_module"/>
      </Unit>
      <Unit filename="/home/anton/Desktop/Projects/AVR/gsm-module/components/uart/uart.c">
         <Option target="gsm_module"/>
      </Unit>
      <Unit filename="/home/anton/Desktop/Projects/AVR/gsm-module/components/uart/uart.h">
         <Option target="gsm_module"/>
      </Unit>
      <Unit filename="/home/anton/Desktop/Projects/AVR/gsm-module/main.c">
         <Option target="gsm_module"/>
      </Unit>
      <Unit filename="/home/anton/Desktop/Projects/AVR/gsm-module/CMakeLists.txt">
          <Option virtualFolder="CMake Files\" />
      </Unit>
   </Project>
</CodeBlocks_project_file>
